// !$*UTF8*$!
{
	archiveVersion = 1;
	classes = {
	};
	objectVersion = 50;
	objects = {

/* Begin PBXBuildFile section */
		543980EF26A5A99C000580D5 /* showing_users_testApp.swift in Sources */ = {isa = PBXBuildFile; fileRef = 543980EE26A5A99C000580D5 /* showing_users_testApp.swift */; };
		543980F126A5A99C000580D5 /* ContentView.swift in Sources */ = {isa = PBXBuildFile; fileRef = 543980F026A5A99C000580D5 /* ContentView.swift */; };
		543980F326A5A99D000580D5 /* Assets.xcassets in Resources */ = {isa = PBXBuildFile; fileRef = 543980F226A5A99D000580D5 /* Assets.xcassets */; };
		543980F626A5A99D000580D5 /* Preview Assets.xcassets in Resources */ = {isa = PBXBuildFile; fileRef = 543980F526A5A99D000580D5 /* Preview Assets.xcassets */; };
		543980FE26A5CA07000580D5 /* UserListView.swift in Sources */ = {isa = PBXBuildFile; fileRef = 543980FD26A5CA07000580D5 /* UserListView.swift */; };
		5439810026A5CC8C000580D5 /* User.swift in Sources */ = {isa = PBXBuildFile; fileRef = 543980FF26A5CC8C000580D5 /* User.swift */; };
		5439810226A5CDB2000580D5 /* UserRow.swift in Sources */ = {isa = PBXBuildFile; fileRef = 5439810126A5CDB2000580D5 /* UserRow.swift */; };
		5439810426A5D199000580D5 /* ImageLoader.swift in Sources */ = {isa = PBXBuildFile; fileRef = 5439810326A5D199000580D5 /* ImageLoader.swift */; };
		5439810626A5D2EE000580D5 /* AsyncImage.swift in Sources */ = {isa = PBXBuildFile; fileRef = 5439810526A5D2EE000580D5 /* AsyncImage.swift */; };
		5439810926A5D6CB000580D5 /* UserLoader.swift in Sources */ = {isa = PBXBuildFile; fileRef = 5439810826A5D6CB000580D5 /* UserLoader.swift */; };
/* End PBXBuildFile section */

/* Begin PBXFileReference section */
		543980EB26A5A99C000580D5 /* showing-users-test.app */ = {isa = PBXFileReference; explicitFileType = wrapper.application; includeInIndex = 0; path = "showing-users-test.app"; sourceTree = BUILT_PRODUCTS_DIR; };
		543980EE26A5A99C000580D5 /* showing_users_testApp.swift */ = {isa = PBXFileReference; lastKnownFileType = sourcecode.swift; path = showing_users_testApp.swift; sourceTree = "<group>"; };
		543980F026A5A99C000580D5 /* ContentView.swift */ = {isa = PBXFileReference; lastKnownFileType = sourcecode.swift; path = ContentView.swift; sourceTree = "<group>"; };
		543980F226A5A99D000580D5 /* Assets.xcassets */ = {isa = PBXFileReference; lastKnownFileType = folder.assetcatalog; path = Assets.xcassets; sourceTree = "<group>"; };
		543980F526A5A99D000580D5 /* Preview Assets.xcassets */ = {isa = PBXFileReference; lastKnownFileType = folder.assetcatalog; path = "Preview Assets.xcassets"; sourceTree = "<group>"; };
		543980F726A5A99D000580D5 /* Info.plist */ = {isa = PBXFileReference; lastKnownFileType = text.plist.xml; path = Info.plist; sourceTree = "<group>"; };
		543980FD26A5CA07000580D5 /* UserListView.swift */ = {isa = PBXFileReference; lastKnownFileType = sourcecode.swift; path = UserListView.swift; sourceTree = "<group>"; };
		543980FF26A5CC8C000580D5 /* User.swift */ = {isa = PBXFileReference; lastKnownFileType = sourcecode.swift; path = User.swift; sourceTree = "<group>"; };
		5439810126A5CDB2000580D5 /* UserRow.swift */ = {isa = PBXFileReference; lastKnownFileType = sourcecode.swift; path = UserRow.swift; sourceTree = "<group>"; };
		5439810326A5D199000580D5 /* ImageLoader.swift */ = {isa = PBXFileReference; lastKnownFileType = sourcecode.swift; path = ImageLoader.swift; sourceTree = "<group>"; };
		5439810526A5D2EE000580D5 /* AsyncImage.swift */ = {isa = PBXFileReference; lastKnownFileType = sourcecode.swift; path = AsyncImage.swift; sourceTree = "<group>"; };
		5439810826A5D6CB000580D5 /* UserLoader.swift */ = {isa = PBXFileReference; lastKnownFileType = sourcecode.swift; path = UserLoader.swift; sourceTree = "<group>"; };
/* End PBXFileReference section */

/* Begin PBXFrameworksBuildPhase section */
		543980E826A5A99C000580D5 /* Frameworks */ = {
			isa = PBXFrameworksBuildPhase;
			buildActionMask = 2147483647;
			files = (
			);
			runOnlyForDeploymentPostprocessing = 0;
		};
/* End PBXFrameworksBuildPhase section */

/* Begin PBXGroup section */
		543980E226A5A99B000580D5 = {
			isa = PBXGroup;
			children = (
				543980ED26A5A99C000580D5 /* showing-users-test */,
				543980EC26A5A99C000580D5 /* Products */,
			);
			sourceTree = "<group>";
		};
		543980EC26A5A99C000580D5 /* Products */ = {
			isa = PBXGroup;
			children = (
				543980EB26A5A99C000580D5 /* showing-users-test.app */,
			);
			name = Products;
			sourceTree = "<group>";
		};
		543980ED26A5A99C000580D5 /* showing-users-test */ = {
			isa = PBXGroup;
			children = (
				5439810726A5D63F000580D5 /* Helpers */,
				543980EE26A5A99C000580D5 /* showing_users_testApp.swift */,
				543980F026A5A99C000580D5 /* ContentView.swift */,
				543980F226A5A99D000580D5 /* Assets.xcassets */,
				543980F726A5A99D000580D5 /* Info.plist */,
				543980F426A5A99D000580D5 /* Preview Content */,
				543980FD26A5CA07000580D5 /* UserListView.swift */,
				543980FF26A5CC8C000580D5 /* User.swift */,
				5439810126A5CDB2000580D5 /* UserRow.swift */,
			);
			path = "showing-users-test";
			sourceTree = "<group>";
		};
		543980F426A5A99D000580D5 /* Preview Content */ = {
			isa = PBXGroup;
			children = (
				543980F526A5A99D000580D5 /* Preview Assets.xcassets */,
			);
			path = "Preview Content";
			sourceTree = "<group>";
		};
		5439810726A5D63F000580D5 /* Helpers */ = {
			isa = PBXGroup;
			children = (
				5439810526A5D2EE000580D5 /* AsyncImage.swift */,
				5439810326A5D199000580D5 /* ImageLoader.swift */,
				5439810826A5D6CB000580D5 /* UserLoader.swift */,
			);
			path = Helpers;
			sourceTree = "<group>";
		};
/* End PBXGroup section */

/* Begin PBXNativeTarget section */
		543980EA26A5A99C000580D5 /* showing-users-test */ = {
			isa = PBXNativeTarget;
			buildConfigurationList = 543980FA26A5A99D000580D5 /* Build configuration list for PBXNativeTarget "showing-users-test" */;
			buildPhases = (
				543980E726A5A99C000580D5 /* Sources */,
				543980E826A5A99C000580D5 /* Frameworks */,
				543980E926A5A99C000580D5 /* Resources */,
			);
			buildRules = (
			);
			dependencies = (
			);
			name = "showing-users-test";
			productName = "showing-users-test";
			productReference = 543980EB26A5A99C000580D5 /* showing-users-test.app */;
			productType = "com.apple.product-type.application";
		};
/* End PBXNativeTarget section */

/* Begin PBXProject section */
		543980E326A5A99B000580D5 /* Project object */ = {
			isa = PBXProject;
			attributes = {
				LastSwiftUpdateCheck = 1250;
				LastUpgradeCheck = 1250;
				TargetAttributes = {
					543980EA26A5A99C000580D5 = {
						CreatedOnToolsVersion = 12.5.1;
					};
				};
			};
			buildConfigurationList = 543980E626A5A99B000580D5 /* Build configuration list for PBXProject "showing-users-test" */;
			compatibilityVersion = "Xcode 9.3";
			developmentRegion = en;
			hasScannedForEncodings = 0;
			knownRegions = (
				en,
				Base,
			);
			mainGroup = 543980E226A5A99B000580D5;
			productRefGroup = 543980EC26A5A99C000580D5 /* Products */;
			projectDirPath = "";
			projectRoot = "";
			targets = (
				543980EA26A5A99C000580D5 /* showing-users-test */,
			);
		};
/* End PBXProject section */

/* Begin PBXResourcesBuildPhase section */
		543980E926A5A99C000580D5 /* Resources */ = {
			isa = PBXResourcesBuildPhase;
			buildActionMask = 2147483647;
			files = (
				543980F626A5A99D000580D5 /* Preview Assets.xcassets in Resources */,
				543980F326A5A99D000580D5 /* Assets.xcassets in Resources */,
			);
			runOnlyForDeploymentPostprocessing = 0;
		};
/* End PBXResourcesBuildPhase section */

/* Begin PBXSourcesBuildPhase section */
		543980E726A5A99C000580D5 /* Sources */ = {
			isa = PBXSourcesBuildPhase;
			buildActionMask = 2147483647;
			files = (
				5439810626A5D2EE000580D5 /* AsyncImage.swift in Sources */,
				5439810926A5D6CB000580D5 /* UserLoader.swift in Sources */,
				5439810026A5CC8C000580D5 /* User.swift in Sources */,
				543980F126A5A99C000580D5 /* ContentView.swift in Sources */,
				5439810426A5D199000580D5 /* ImageLoader.swift in Sources */,
				543980FE26A5CA07000580D5 /* UserListView.swift in Sources */,
				5439810226A5CDB2000580D5 /* UserRow.swift in Sources */,
				543980EF26A5A99C000580D5 /* showing_users_testApp.swift in Sources */,
			);
			runOnlyForDeploymentPostprocessing = 0;
		};
/* End PBXSourcesBuildPhase section */

/* Begin XCBuildConfiguration section */
		543980F826A5A99D000580D5 /* Debug */ = {
			isa = XCBuildConfiguration;
			buildSettings = {
				ALWAYS_SEARCH_USER_PATHS = NO;
				CLANG_ANALYZER_NONNULL = YES;
				CLANG_ANALYZER_NUMBER_OBJECT_CONVERSION = YES_AGGRESSIVE;
				CLANG_CXX_LANGUAGE_STANDARD = "gnu++14";
				CLANG_CXX_LIBRARY = "libc++";
				CLANG_ENABLE_MODULES = YES;
				CLANG_ENABLE_OBJC_ARC = YES;
				CLANG_ENABLE_OBJC_WEAK = YES;
				CLANG_WARN_BLOCK_CAPTURE_AUTORELEASING = YES;
				CLANG_WARN_BOOL_CONVERSION = YES;
				CLANG_WARN_COMMA = YES;
				CLANG_WARN_CONSTANT_CONVERSION = YES;
				CLANG_WARN_DEPRECATED_OBJC_IMPLEMENTATIONS = YES;
				CLANG_WARN_DIRECT_OBJC_ISA_USAGE = YES_ERROR;
				CLANG_WARN_DOCUMENTATION_COMMENTS = YES;
				CLANG_WARN_EMPTY_BODY = YES;
				CLANG_WARN_ENUM_CONVERSION = YES;
				CLANG_WARN_INFINITE_RECURSION = YES;
				CLANG_WARN_INT_CONVERSION = YES;
				CLANG_WARN_NON_LITERAL_NULL_CONVERSION = YES;
				CLANG_WARN_OBJC_IMPLICIT_RETAIN_SELF = YES;
				CLANG_WARN_OBJC_LITERAL_CONVERSION = YES;
				CLANG_WARN_OBJC_ROOT_CLASS = YES_ERROR;
				CLANG_WARN_QUOTED_INCLUDE_IN_FRAMEWORK_HEADER = YES;
				CLANG_WARN_RANGE_LOOP_ANALYSIS = YES;
				CLANG_WARN_STRICT_PROTOTYPES = YES;
				CLANG_WARN_SUSPICIOUS_MOVE = YES;
				CLANG_WARN_UNGUARDED_AVAILABILITY = YES_AGGRESSIVE;
				CLANG_WARN_UNREACHABLE_CODE = YES;
				CLANG_WARN__DUPLICATE_METHOD_MATCH = YES;
				COPY_PHASE_STRIP = NO;
				DEBUG_INFORMATION_FORMAT = dwarf;
				ENABLE_STRICT_OBJC_MSGSEND = YES;
				ENABLE_TESTABILITY = YES;
				GCC_C_LANGUAGE_STANDARD = gnu11;
				GCC_DYNAMIC_NO_PIC = NO;
				GCC_NO_COMMON_BLOCKS = YES;
				GCC_OPTIMIZATION_LEVEL = 0;
				GCC_PREPROCESSOR_DEFINITIONS = (
					"DEBUG=1",
					"$(inherited)",
				);
				GCC_WARN_64_TO_32_BIT_CONVERSION = YES;
				GCC_WARN_ABOUT_RETURN_TYPE = YES_ERROR;
				GCC_WARN_UNDECLARED_SELECTOR = YES;
				GCC_WARN_UNINITIALIZED_AUTOS = YES_AGGRESSIVE;
				GCC_WARN_UNUSED_FUNCTION = YES;
				GCC_WARN_UNUSED_VARIABLE = YES;
				IPHONEOS_DEPLOYMENT_TARGET = 14.5;
				MTL_ENABLE_DEBUG_INFO = INCLUDE_SOURCE;
				MTL_FAST_MATH = YES;
				ONLY_ACTIVE_ARCH = YES;
				SDKROOT = iphoneos;
				SWIFT_ACTIVE_COMPILATION_CONDITIONS = DEBUG;
				SWIFT_OPTIMIZATION_LEVEL = "-Onone";
			};
			name = Debug;
		};
		543980F926A5A99D000580D5 /* Release */ = {
			isa = XCBuildConfiguration;
			buildSettings = {
				ALWAYS_SEARCH_USER_PATHS = NO;
				CLANG_ANALYZER_NONNULL = YES;
				CLANG_ANALYZER_NUMBER_OBJECT_CONVERSION = YES_AGGRESSIVE;
				CLANG_CXX_LANGUAGE_STANDARD = "gnu++14";
				CLANG_CXX_LIBRARY = "libc++";
				CLANG_ENABLE_MODULES = YES;
				CLANG_ENABLE_OBJC_ARC = YES;
				CLANG_ENABLE_OBJC_WEAK = YES;
				CLANG_WARN_BLOCK_CAPTURE_AUTORELEASING = YES;
				CLANG_WARN_BOOL_CONVERSION = YES;
				CLANG_WARN_COMMA = YES;
				CLANG_WARN_CONSTANT_CONVERSION = YES;
				CLANG_WARN_DEPRECATED_OBJC_IMPLEMENTATIONS = YES;
				CLANG_WARN_DIRECT_OBJC_ISA_USAGE = YES_ERROR;
				CLANG_WARN_DOCUMENTATION_COMMENTS = YES;
				CLANG_WARN_EMPTY_BODY = YES;
				CLANG_WARN_ENUM_CONVERSION = YES;
				CLANG_WARN_INFINITE_RECURSION = YES;
				CLANG_WARN_INT_CONVERSION = YES;
				CLANG_WARN_NON_LITERAL_NULL_CONVERSION = YES;
				CLANG_WARN_OBJC_IMPLICIT_RETAIN_SELF = YES;
				CLANG_WARN_OBJC_LITERAL_CONVERSION = YES;
				CLANG_WARN_OBJC_ROOT_CLASS = YES_ERROR;
				CLANG_WARN_QUOTED_INCLUDE_IN_FRAMEWORK_HEADER = YES;
				CLANG_WARN_RANGE_LOOP_ANALYSIS = YES;
				CLANG_WARN_STRICT_PROTOTYPES = YES;
				CLANG_WARN_SUSPICIOUS_MOVE = YES;
				CLANG_WARN_UNGUARDED_AVAILABILITY = YES_AGGRESSIVE;
				CLANG_WARN_UNREACHABLE_CODE = YES;
				CLANG_WARN__DUPLICATE_METHOD_MATCH = YES;
				COPY_PHASE_STRIP = NO;
				DEBUG_INFORMATION_FORMAT = "dwarf-with-dsym";
				ENABLE_NS_ASSERTIONS = NO;
				ENABLE_STRICT_OBJC_MSGSEND = YES;
				GCC_C_LANGUAGE_STANDARD = gnu11;
				GCC_NO_COMMON_BLOCKS = YES;
				GCC_WARN_64_TO_32_BIT_CONVERSION = YES;
				GCC_WARN_ABOUT_RETURN_TYPE = YES_ERROR;
				GCC_WARN_UNDECLARED_SELECTOR = YES;
				GCC_WARN_UNINITIALIZED_AUTOS = YES_AGGRESSIVE;
				GCC_WARN_UNUSED_FUNCTION = YES;
				GCC_WARN_UNUSED_VARIABLE = YES;
				IPHONEOS_DEPLOYMENT_TARGET = 14.5;
				MTL_ENABLE_DEBUG_INFO = NO;
				MTL_FAST_MATH = YES;
				SDKROOT = iphoneos;
				SWIFT_COMPILATION_MODE = wholemodule;
				SWIFT_OPTIMIZATION_LEVEL = "-O";
				VALIDATE_PRODUCT = YES;
			};
			name = Release;
		};
		543980FB26A5A99D000580D5 /* Debug */ = {
			isa = XCBuildConfiguration;
			buildSettings = {
				ASSETCATALOG_COMPILER_APPICON_NAME = AppIcon;
				ASSETCATALOG_COMPILER_GLOBAL_ACCENT_COLOR_NAME = AccentColor;
				CODE_SIGN_STYLE = Automatic;
				DEVELOPMENT_ASSET_PATHS = "\"showing-users-test/Preview Content\"";
				DEVELOPMENT_TEAM = LBHT4Q3RSF;
				ENABLE_PREVIEWS = YES;
				INFOPLIST_FILE = "showing-users-test/Info.plist";
				IPHONEOS_DEPLOYMENT_TARGET = 14.0;
				LD_RUNPATH_SEARCH_PATHS = (
					"$(inherited)",
					"@executable_path/Frameworks",
				);
				PRODUCT_BUNDLE_IDENTIFIER = "com.niftytreestudios.showing-users-test";
				PRODUCT_NAME = "$(TARGET_NAME)";
				SWIFT_VERSION = 5.0;
				TARGETED_DEVICE_FAMILY = "1,2";
			};
			name = Debug;
		};
		543980FC26A5A99D000580D5 /* Release */ = {
			isa = XCBuildConfiguration;
			buildSettings = {
				ASSETCATALOG_COMPILER_APPICON_NAME = AppIcon;
				ASSETCATALOG_COMPILER_GLOBAL_ACCENT_COLOR_NAME = AccentColor;
				CODE_SIGN_STYLE = Automatic;
				DEVELOPMENT_ASSET_PATHS = "\"showing-users-test/Preview Content\"";
				DEVELOPMENT_TEAM = LBHT4Q3RSF;
				ENABLE_PREVIEWS = YES;
				INFOPLIST_FILE = "showing-users-test/Info.plist";
				IPHONEOS_DEPLOYMENT_TARGET = 14.0;
				LD_RUNPATH_SEARCH_PATHS = (
					"$(inherited)",
					"@executable_path/Frameworks",
				);
				PRODUCT_BUNDLE_IDENTIFIER = "com.niftytreestudios.showing-users-test";
				PRODUCT_NAME = "$(TARGET_NAME)";
				SWIFT_VERSION = 5.0;
				TARGETED_DEVICE_FAMILY = "1,2";
			};
			name = Release;
		};
/* End XCBuildConfiguration section */

/* Begin XCConfigurationList section */
		543980E626A5A99B000580D5 /* Build configuration list for PBXProject "showing-users-test" */ = {
			isa = XCConfigurationList;
			buildConfigurations = (
				543980F826A5A99D000580D5 /* Debug */,
				543980F926A5A99D000580D5 /* Release */,
			);
			defaultConfigurationIsVisible = 0;
			defaultConfigurationName = Release;
		};
		543980FA26A5A99D000580D5 /* Build configuration list for PBXNativeTarget "showing-users-test" */ = {
			isa = XCConfigurationList;
			buildConfigurations = (
				543980FB26A5A99D000580D5 /* Debug */,
				543980FC26A5A99D000580D5 /* Release */,
			);
			defaultConfigurationIsVisible = 0;
			defaultConfigurationName = Release;
		};
/* End XCConfigurationList section */
	};
	rootObject = 543980E326A5A99B000580D5 /* Project object */;
}
